
Microsoft Visual Studio Solution File, Format Version 12.00
# Visual Studio Version 16
VisualStudioVersion = 16.0.31321.278
MinimumVisualStudioVersion = 10.0.40219.1
Project("{2150E333-8FDC-42A3-9474-1A3956D46DE8}") = "Services", "Services", "{012185B7-918F-4895-8CEE-C8A7E829875B}"
EndProject
Project("{9A19103F-16F7-4668-BE54-9A1E7A4F7556}") = "Catalog", "Services\Catalog\Catalog.csproj", "{9FDC3423-0466-429C-B0A1-71CC40AD11D7}"
EndProject
Project("{9A19103F-16F7-4668-BE54-9A1E7A4F7556}") = "Cart", "Services\Cart\Cart.csproj", "{D83DD977-8F46-4CC3-9241-21ACACD19BF3}"
EndProject
Project("{9A19103F-16F7-4668-BE54-9A1E7A4F7556}") = "Order", "Services\Order\Order.csproj", "{FB215B77-06A0-42F8-8B69-F80B839320F4}"
EndProject
Project("{2150E333-8FDC-42A3-9474-1A3956D46DE8}") = "ApiGateways", "ApiGateways", "{AA863D9D-1A73-45FD-9195-592E82AE6F56}"
EndProject
Project("{2150E333-8FDC-42A3-9474-1A3956D46DE8}") = "EventBus", "EventBus", "{3D78ACEE-4A06-4984-AE24-6EC7B7CDDBB3}"
EndProject
Project("{E53339B2-1760-4266-BCC7-CA923CBCF16C}") = "docker-compose", "docker-compose.dcproj", "{0BA826A8-96B2-4FFB-9348-B062C291BBE0}"
EndProject
Project("{9A19103F-16F7-4668-BE54-9A1E7A4F7556}") = "EventBus", "EventBus\EventBus\EventBus.csproj", "{65A2FD46-F9F4-45E6-B351-568A8B8DBE7F}"
EndProject
Project("{9A19103F-16F7-4668-BE54-9A1E7A4F7556}") = "EventBusRabbitMQ", "EventBus\EventBusRabbitMQ\EventBusRabbitMQ.csproj", "{27E5C840-7E4C-48ED-AD0F-5116AB18279B}"
EndProject
Project("{2150E333-8FDC-42A3-9474-1A3956D46DE8}") = "Solution Items", "Solution Items", "{11BDDEE8-308F-4871-AEA9-9BE82D3D551C}"
	ProjectSection(SolutionItems) = preProject
		.env = .env
	EndProjectSection
EndProject
Project("{2150E333-8FDC-42A3-9474-1A3956D46DE8}") = "Web", "Web", "{D1D31676-BE2F-439A-8F81-35226B5B6774}"
EndProject
Project("{9A19103F-16F7-4668-BE54-9A1E7A4F7556}") = "WebMVC", "Web\WebMVC\WebMVC.csproj", "{5EBA1C74-F3AC-4D40-8C57-B4547155C7D6}"
EndProject
Project("{2150E333-8FDC-42A3-9474-1A3956D46DE8}") = "Ocelot", "Ocelot", "{1FCA7A3A-EB4A-4ED4-9055-3CF8F713DDAE}"
EndProject
Project("{9A19103F-16F7-4668-BE54-9A1E7A4F7556}") = "WebCoreAPI", "ApiGateways\Ocelot\WebCoreAPI\WebCoreAPI.csproj", "{5F89C795-AF80-4302-B4A8-63B5EFE9165F}"
EndProject
Project("{2150E333-8FDC-42A3-9474-1A3956D46DE8}") = "BFF", "BFF", "{F0A02248-E3C5-49EC-B215-13E54FC3F4CB}"
EndProject
Project("{9A19103F-16F7-4668-BE54-9A1E7A4F7556}") = "WebHttpAggregator", "ApiGateways\BFF\WebHttpAggregator\WebHttpAggregator.csproj", "{53C256AD-D8F3-45FC-9624-0FA34E35FF8D}"
EndProject
Project("{9A19103F-16F7-4668-BE54-9A1E7A4F7556}") = "Test", "Web\Test\Test.csproj", "{DD460802-D1A8-4971-8B8D-96DDC8AECED3}"
EndProject
Project("{9A19103F-16F7-4668-BE54-9A1E7A4F7556}") = "IAM", "Services\IAM\IAM.csproj", "{4943E1CE-5451-4158-867B-796B1F661B07}"
EndProject
Global
	GlobalSection(SolutionConfigurationPlatforms) = preSolution
		Debug|Any CPU = Debug|Any CPU
		Release|Any CPU = Release|Any CPU
	EndGlobalSection
	GlobalSection(ProjectConfigurationPlatforms) = postSolution
		{9FDC3423-0466-429C-B0A1-71CC40AD11D7}.Debug|Any CPU.ActiveCfg = Debug|Any CPU
		{9FDC3423-0466-429C-B0A1-71CC40AD11D7}.Debug|Any CPU.Build.0 = Debug|Any CPU
		{9FDC3423-0466-429C-B0A1-71CC40AD11D7}.Release|Any CPU.ActiveCfg = Release|Any CPU
		{9FDC3423-0466-429C-B0A1-71CC40AD11D7}.Release|Any CPU.Build.0 = Release|Any CPU
		{D83DD977-8F46-4CC3-9241-21ACACD19BF3}.Debug|Any CPU.ActiveCfg = Debug|Any CPU
		{D83DD977-8F46-4CC3-9241-21ACACD19BF3}.Debug|Any CPU.Build.0 = Debug|Any CPU
		{D83DD977-8F46-4CC3-9241-21ACACD19BF3}.Release|Any CPU.ActiveCfg = Release|Any CPU
		{D83DD977-8F46-4CC3-9241-21ACACD19BF3}.Release|Any CPU.Build.0 = Release|Any CPU
		{FB215B77-06A0-42F8-8B69-F80B839320F4}.Debug|Any CPU.ActiveCfg = Debug|Any CPU
		{FB215B77-06A0-42F8-8B69-F80B839320F4}.Debug|Any CPU.Build.0 = Debug|Any CPU
		{FB215B77-06A0-42F8-8B69-F80B839320F4}.Release|Any CPU.ActiveCfg = Release|Any CPU
		{FB215B77-06A0-42F8-8B69-F80B839320F4}.Release|Any CPU.Build.0 = Release|Any CPU
		{0BA826A8-96B2-4FFB-9348-B062C291BBE0}.Debug|Any CPU.ActiveCfg = Debug|Any CPU
		{0BA826A8-96B2-4FFB-9348-B062C291BBE0}.Debug|Any CPU.Build.0 = Debug|Any CPU
		{0BA826A8-96B2-4FFB-9348-B062C291BBE0}.Release|Any CPU.ActiveCfg = Release|Any CPU
		{0BA826A8-96B2-4FFB-9348-B062C291BBE0}.Release|Any CPU.Build.0 = Release|Any CPU
		{65A2FD46-F9F4-45E6-B351-568A8B8DBE7F}.Debug|Any CPU.ActiveCfg = Debug|Any CPU
		{65A2FD46-F9F4-45E6-B351-568A8B8DBE7F}.Debug|Any CPU.Build.0 = Debug|Any CPU
		{65A2FD46-F9F4-45E6-B351-568A8B8DBE7F}.Release|Any CPU.ActiveCfg = Release|Any CPU
		{65A2FD46-F9F4-45E6-B351-568A8B8DBE7F}.Release|Any CPU.Build.0 = Release|Any CPU
		{27E5C840-7E4C-48ED-AD0F-5116AB18279B}.Debug|Any CPU.ActiveCfg = Debug|Any CPU
		{27E5C840-7E4C-48ED-AD0F-5116AB18279B}.Debug|Any CPU.Build.0 = Debug|Any CPU
		{27E5C840-7E4C-48ED-AD0F-5116AB18279B}.Release|Any CPU.ActiveCfg = Release|Any CPU
		{27E5C840-7E4C-48ED-AD0F-5116AB18279B}.Release|Any CPU.Build.0 = Release|Any CPU
		{5EBA1C74-F3AC-4D40-8C57-B4547155C7D6}.Debug|Any CPU.ActiveCfg = Debug|Any CPU
		{5EBA1C74-F3AC-4D40-8C57-B4547155C7D6}.Debug|Any CPU.Build.0 = Debug|Any CPU
		{5EBA1C74-F3AC-4D40-8C57-B4547155C7D6}.Release|Any CPU.ActiveCfg = Release|Any CPU
		{5EBA1C74-F3AC-4D40-8C57-B4547155C7D6}.Release|Any CPU.Build.0 = Release|Any CPU
		{5F89C795-AF80-4302-B4A8-63B5EFE9165F}.Debug|Any CPU.ActiveCfg = Debug|Any CPU
		{5F89C795-AF80-4302-B4A8-63B5EFE9165F}.Debug|Any CPU.Build.0 = Debug|Any CPU
		{5F89C795-AF80-4302-B4A8-63B5EFE9165F}.Release|Any CPU.ActiveCfg = Release|Any CPU
		{5F89C795-AF80-4302-B4A8-63B5EFE9165F}.Release|Any CPU.Build.0 = Release|Any CPU
		{53C256AD-D8F3-45FC-9624-0FA34E35FF8D}.Debug|Any CPU.ActiveCfg = Debug|Any CPU
		{53C256AD-D8F3-45FC-9624-0FA34E35FF8D}.Debug|Any CPU.Build.0 = Debug|Any CPU
		{53C256AD-D8F3-45FC-9624-0FA34E35FF8D}.Release|Any CPU.ActiveCfg = Release|Any CPU
		{53C256AD-D8F3-45FC-9624-0FA34E35FF8D}.Release|Any CPU.Build.0 = Release|Any CPU
		{DD460802-D1A8-4971-8B8D-96DDC8AECED3}.Debug|Any CPU.ActiveCfg = Debug|Any CPU
		{DD460802-D1A8-4971-8B8D-96DDC8AECED3}.Debug|Any CPU.Build.0 = Debug|Any CPU
		{DD460802-D1A8-4971-8B8D-96DDC8AECED3}.Release|Any CPU.ActiveCfg = Release|Any CPU
		{DD460802-D1A8-4971-8B8D-96DDC8AECED3}.Release|Any CPU.Build.0 = Release|Any CPU
		{4943E1CE-5451-4158-867B-796B1F661B07}.Debug|Any CPU.ActiveCfg = Debug|Any CPU
		{4943E1CE-5451-4158-867B-796B1F661B07}.Debug|Any CPU.Build.0 = Debug|Any CPU
		{4943E1CE-5451-4158-867B-796B1F661B07}.Release|Any CPU.ActiveCfg = Release|Any CPU
		{4943E1CE-5451-4158-867B-796B1F661B07}.Release|Any CPU.Build.0 = Release|Any CPU
	EndGlobalSection
	GlobalSection(SolutionProperties) = preSolution
		HideSolutionNode = FALSE
	EndGlobalSection
	GlobalSection(NestedProjects) = preSolution
		{9FDC3423-0466-429C-B0A1-71CC40AD11D7} = {012185B7-918F-4895-8CEE-C8A7E829875B}
		{D83DD977-8F46-4CC3-9241-21ACACD19BF3} = {012185B7-918F-4895-8CEE-C8A7E829875B}
		{FB215B77-06A0-42F8-8B69-F80B839320F4} = {012185B7-918F-4895-8CEE-C8A7E829875B}
		{65A2FD46-F9F4-45E6-B351-568A8B8DBE7F} = {3D78ACEE-4A06-4984-AE24-6EC7B7CDDBB3}
		{27E5C840-7E4C-48ED-AD0F-5116AB18279B} = {3D78ACEE-4A06-4984-AE24-6EC7B7CDDBB3}
		{5EBA1C74-F3AC-4D40-8C57-B4547155C7D6} = {D1D31676-BE2F-439A-8F81-35226B5B6774}
		{1FCA7A3A-EB4A-4ED4-9055-3CF8F713DDAE} = {AA863D9D-1A73-45FD-9195-592E82AE6F56}
		{5F89C795-AF80-4302-B4A8-63B5EFE9165F} = {1FCA7A3A-EB4A-4ED4-9055-3CF8F713DDAE}
		{F0A02248-E3C5-49EC-B215-13E54FC3F4CB} = {AA863D9D-1A73-45FD-9195-592E82AE6F56}
		{53C256AD-D8F3-45FC-9624-0FA34E35FF8D} = {F0A02248-E3C5-49EC-B215-13E54FC3F4CB}
		{DD460802-D1A8-4971-8B8D-96DDC8AECED3} = {D1D31676-BE2F-439A-8F81-35226B5B6774}
		{4943E1CE-5451-4158-867B-796B1F661B07} = {012185B7-918F-4895-8CEE-C8A7E829875B}
	EndGlobalSection
	GlobalSection(ExtensibilityGlobals) = postSolution
		SolutionGuid = {8857D385-5E57-488B-B526-E60193302985}
	EndGlobalSection
EndGlobal
