
Microsoft Visual Studio Solution File, Format Version 12.00
# Visual Studio Version 16
VisualStudioVersion = 16.0.30907.101
MinimumVisualStudioVersion = 10.0.40219.1
Project("{FAE04EC0-301F-11D3-BF4B-00C04F79EFBC}") = "Catalog", "Catalog.csproj", "{A93D9F4F-E9C0-420F-A39B-9E83B585CAD8}"
EndProject
Global
	GlobalSection(SolutionConfigurationPlatforms) = preSolution
		Debug|Any CPU = Debug|Any CPU
		Release|Any CPU = Release|Any CPU
	EndGlobalSection
	GlobalSection(ProjectConfigurationPlatforms) = postSolution
		{A93D9F4F-E9C0-420F-A39B-9E83B585CAD8}.Debug|Any CPU.ActiveCfg = Debug|Any CPU
		{A93D9F4F-E9C0-420F-A39B-9E83B585CAD8}.Debug|Any CPU.Build.0 = Debug|Any CPU
		{A93D9F4F-E9C0-420F-A39B-9E83B585CAD8}.Release|Any CPU.ActiveCfg = Release|Any CPU
		{A93D9F4F-E9C0-420F-A39B-9E83B585CAD8}.Release|Any CPU.Build.0 = Release|Any CPU
	EndGlobalSection
	GlobalSection(SolutionProperties) = preSolution
		HideSolutionNode = FALSE
	EndGlobalSection
	GlobalSection(ExtensibilityGlobals) = postSolution
		SolutionGuid = {600CF107-10B5-4899-B69D-427EAE929E4D}
	EndGlobalSection
EndGlobal
